
Microsoft Visual Studio Solution File, Format Version 12.00
Project("{FAE04EC0-301F-11D3-BF4B-00C04F79EFBC}") = "ttt", "ttt\ttt.csproj", "{39154B57-CF24-419D-9B5A-B29384053E42}"
EndProject
Project("{FAE04EC0-301F-11D3-BF4B-00C04F79EFBC}") = "ttt.Console", "ttt.Console\ttt.Console.csproj", "{DD0594A3-094F-43D4-ACE5-47A16B96CB11}"
EndProject
Global
	GlobalSection(SolutionConfigurationPlatforms) = preSolution
		Debug|Any CPU = Debug|Any CPU
		Release|Any CPU = Release|Any CPU
	EndGlobalSection
	GlobalSection(ProjectConfigurationPlatforms) = postSolution
		{39154B57-CF24-419D-9B5A-B29384053E42}.Debug|Any CPU.ActiveCfg = Debug|Any CPU
		{39154B57-CF24-419D-9B5A-B29384053E42}.Debug|Any CPU.Build.0 = Debug|Any CPU
		{39154B57-CF24-419D-9B5A-B29384053E42}.Release|Any CPU.ActiveCfg = Release|Any CPU
		{39154B57-CF24-419D-9B5A-B29384053E42}.Release|Any CPU.Build.0 = Release|Any CPU
		{DD0594A3-094F-43D4-ACE5-47A16B96CB11}.Debug|Any CPU.ActiveCfg = Debug|Any CPU
		{DD0594A3-094F-43D4-ACE5-47A16B96CB11}.Debug|Any CPU.Build.0 = Debug|Any CPU
		{DD0594A3-094F-43D4-ACE5-47A16B96CB11}.Release|Any CPU.ActiveCfg = Release|Any CPU
		{DD0594A3-094F-43D4-ACE5-47A16B96CB11}.Release|Any CPU.Build.0 = Release|Any CPU
	EndGlobalSection
EndGlobal
